# This file is automatically @generated by Cargo.
# It is not intended for manual editing.
version = 4

[[package]]
name = "build-target"
version = "0.8.0"
source = "registry+https://github.com/rust-lang/crates.io-index"
checksum = "78e2ceaf91e22593e194211930aea78a41af58e49e872474ebf4335bf649aad1"

[[package]]
name = "dummy"
version = "0.1.0"
dependencies = [
 "nemu_runtime",
]

[[package]]
name = "nemu_runtime"
version = "0.1.0"
dependencies = [
 "build-target",
]
